github.com/CAFxX/atomic128 v0.2.0 h1:OjJFSLijxTYW0kgZKoo7xKCrd3Z32HGaKZoDH74jZHo=
github.com/CAFxX/atomic128 v0.2.0/go.mod h1:CQkNWb7VQ4TFUUyOm6QP9M2g51GXlSj7F9PiHJu8XEQ=
github.com/klauspost/cpuid/v2 v2.0.8 h1:bhR2mgIlno/Sfk4oUbH4sPlc83z1yGrN9bvqiq3C33I=
github.com/klauspost/cpuid/v2 v2.0.8/go.mod h1:FInQzS24/EEf25PyTYn52gqo7WaD8xa0213Md/qVLRg=
github.com/valyala/fastrand v1.0.0 h1:LUKT9aKer2dVQNUi3waewTbKV+7H17kvWFNKs2ObdkI=
github.com/valyala/fastrand v1.0.0/go.mod h1:HWqCzkrkg6QXT8V2EXWvXCoow7vLwOFN002oeRzjapQ=
